
Microsoft Visual Studio Solution File, Format Version 12.00
# Visual Studio Version 16
VisualStudioVersion = 16.0.810.25
MinimumVisualStudioVersion = 10.0.40219.1
Project("{FAE04EC0-301F-11D3-BF4B-00C04F79EFBC}") = "BankEncapsulationExercise", "BankEncapsulationExercise\BankEncapsulationExercise.csproj", "{9BBDB946-3228-49DF-8D15-B1D93D060C4A}"
EndProject
Global
	GlobalSection(SolutionConfigurationPlatforms) = preSolution
		Debug|Any CPU = Debug|Any CPU
		Release|Any CPU = Release|Any CPU
	EndGlobalSection
	GlobalSection(ProjectConfigurationPlatforms) = postSolution
		{9BBDB946-3228-49DF-8D15-B1D93D060C4A}.Debug|Any CPU.ActiveCfg = Debug|Any CPU
		{9BBDB946-3228-49DF-8D15-B1D93D060C4A}.Debug|Any CPU.Build.0 = Debug|Any CPU
		{9BBDB946-3228-49DF-8D15-B1D93D060C4A}.Release|Any CPU.ActiveCfg = Release|Any CPU
		{9BBDB946-3228-49DF-8D15-B1D93D060C4A}.Release|Any CPU.Build.0 = Release|Any CPU
	EndGlobalSection
	GlobalSection(SolutionProperties) = preSolution
		HideSolutionNode = FALSE
	EndGlobalSection
	GlobalSection(ExtensibilityGlobals) = postSolution
		SolutionGuid = {A80B2545-2BF3-41E6-B163-CEF7CF01DC68}
	EndGlobalSection
EndGlobal
